
Microsoft Visual Studio Solution File, Format Version 12.00
# Visual Studio Version 17
VisualStudioVersion = 17.12.35527.113 d17.12
MinimumVisualStudioVersion = 10.0.40219.1
Project("{2150E333-8FDC-42A3-9474-1A3956D46DE8}") = "Practice1", "Practice1", "{24C80BDC-B284-4E24-8D14-1B4A55113527}"
EndProject
Project("{2150E333-8FDC-42A3-9474-1A3956D46DE8}") = "Rus", "Rus", "{3A9AEC5C-2FDE-4243-ADD7-8313D47E57FA}"
EndProject
Project("{FAE04EC0-301F-11D3-BF4B-00C04F79EFBC}") = "Practice1.Task1A", "Practice1.Task1A\Practice1.Task1A.csproj", "{877C12A8-977D-4ED4-A83C-687799F7F479}"
EndProject
Project("{FAE04EC0-301F-11D3-BF4B-00C04F79EFBC}") = "Practice1.Task2", "Practice1.Task2\Practice1.Task2.csproj", "{D7F69F73-5DBB-4085-AD9D-AD456D4EA456}"
EndProject
Project("{FAE04EC0-301F-11D3-BF4B-00C04F79EFBC}") = "Practice1.Task3", "Practice1.Task3\Practice1.Task3.csproj", "{53B5BB0C-5BA7-4A26-90DA-85883EC28206}"
EndProject
Project("{FAE04EC0-301F-11D3-BF4B-00C04F79EFBC}") = "Practice1.Task4", "Practice1.Task4\Practice1.Task4.csproj", "{3D0D7D1E-E0D1-45DF-9B88-CC973B3AB712}"
EndProject
Project("{2150E333-8FDC-42A3-9474-1A3956D46DE8}") = "Task1.CSharpBase", "Task1.CSharpBase", "{4CD14931-FFA0-4673-B1F4-6CB749BDD884}"
EndProject
Project("{FAE04EC0-301F-11D3-BF4B-00C04F79EFBC}") = "Practice1.Task1B", "Practice1.Task1B\Practice1.Task1B.csproj", "{59C7FA58-364E-4B0C-A6BA-3A7696812091}"
EndProject
Project("{2150E333-8FDC-42A3-9474-1A3956D46DE8}") = "Practice2", "Practice2", "{3641C817-549D-46F2-A0E6-4572CA56F4F5}"
EndProject
Project("{FAE04EC0-301F-11D3-BF4B-00C04F79EFBC}") = "Practice2.Task1", "Practice2.Task1\Practice2.Task1.csproj", "{C286F726-069C-4B8D-A908-4BEE1B74E60A}"
EndProject
Project("{FAE04EC0-301F-11D3-BF4B-00C04F79EFBC}") = "Practice2.Task2", "Practice2.Task2\Practice2.Task2.csproj", "{D2E7B077-E011-4A02-9368-8B4BAB76A9DB}"
EndProject
Project("{FAE04EC0-301F-11D3-BF4B-00C04F79EFBC}") = "Practice2.Task3", "Practice2.Task3\Practice2.Task3.csproj", "{23272E7C-0CF3-4D27-85EF-7D394805BCCE}"
EndProject
Project("{FAE04EC0-301F-11D3-BF4B-00C04F79EFBC}") = "Practice2.Task4", "Practice2.Task4\Practice2.Task4.csproj", "{6EF9E193-47BD-4B5B-9785-C2EDA199D6F6}"
EndProject
Project("{FAE04EC0-301F-11D3-BF4B-00C04F79EFBC}") = "Practice2.Task5", "Practice2.Task5\Practice2.Task5.csproj", "{B189A224-88B4-47CA-9505-53CCB7449328}"
EndProject
Project("{FAE04EC0-301F-11D3-BF4B-00C04F79EFBC}") = "Practice2.Task6", "Practice2.Task6\Practice2.Task6.csproj", "{B5B3E99E-0414-4751-BDF1-7FB0BF42E7EF}"
EndProject
Project("{FAE04EC0-301F-11D3-BF4B-00C04F79EFBC}") = "Practice2.Task7", "Practice2.Task7\Practice2.Task7.csproj", "{8E8763F0-70F5-41D3-835D-433D73C7FD91}"
EndProject
Project("{FAE04EC0-301F-11D3-BF4B-00C04F79EFBC}") = "Practice2.Task8", "Practice2.Task8\Practice2.Task8.csproj", "{62F9F7C1-B52D-4FCB-B160-ACD8C8666746}"
EndProject
Project("{FAE04EC0-301F-11D3-BF4B-00C04F79EFBC}") = "Practice2.Task9", "Practice2.Task9\Practice2.Task9.csproj", "{62E57F0C-D80C-49B2-98E2-7F83815739C2}"
EndProject
Project("{FAE04EC0-301F-11D3-BF4B-00C04F79EFBC}") = "Practice2.Task10", "Practice2.Task10\Practice2.Task10.csproj", "{581448B7-68B2-4AF5-BF11-5D9F5AEFC4EE}"
EndProject
Project("{FAE04EC0-301F-11D3-BF4B-00C04F79EFBC}") = "Practice2.Task11", "Practice2.Task11\Practice2.Task11.csproj", "{1FD83D3C-F57F-4E50-AB84-137C0DE58442}"
EndProject
Project("{FAE04EC0-301F-11D3-BF4B-00C04F79EFBC}") = "Practice2.Task12", "Practice2.Task12\Practice2.Task12.csproj", "{2E728A72-5FFD-407E-9275-BAE9F233BDD7}"
EndProject
Project("{FAE04EC0-301F-11D3-BF4B-00C04F79EFBC}") = "Practice2.Task13", "Practice2.Task13\Practice2.Task13.csproj", "{F46E858F-EBBE-4F4B-B1CA-368C96031AAA}"
EndProject
Project("{FAE04EC0-301F-11D3-BF4B-00C04F79EFBC}") = "Practice2.Task14", "Practice2.Task14\Practice2.Task14.csproj", "{3F965F06-73D6-4A7C-9F93-6509E34A9080}"
EndProject
Project("{FAE04EC0-301F-11D3-BF4B-00C04F79EFBC}") = "Practice2.Task15", "Practice2.Task15\Practice2.Task15.csproj", "{9BF14C10-DDA8-48B0-A645-3EA84D8FC6BC}"
EndProject
Project("{FAE04EC0-301F-11D3-BF4B-00C04F79EFBC}") = "Practice2.Task16", "Practice2.Task16\Practice2.Task16.csproj", "{16AB738B-2E7B-4050-9647-0DC3D66EC979}"
EndProject
Project("{FAE04EC0-301F-11D3-BF4B-00C04F79EFBC}") = "Practice2.Task17", "Practice2.Task17\Practice2.Task17.csproj", "{F5A0AEDF-FC7E-403D-BB7A-1A5E1AADDD55}"
EndProject
Project("{FAE04EC0-301F-11D3-BF4B-00C04F79EFBC}") = "Practice2.Task18", "Practice2.Task18\Practice2.Task18.csproj", "{2B70E223-2C5B-49E7-A731-813C89E8F805}"
EndProject
Project("{FAE04EC0-301F-11D3-BF4B-00C04F79EFBC}") = "Practice2.Task19", "Practice2.Task19\Practice2.Task19.csproj", "{C023E21B-A3CD-4577-883D-5B621C151556}"
EndProject
Project("{FAE04EC0-301F-11D3-BF4B-00C04F79EFBC}") = "Practice2.Task20", "Practice2.Task20\Practice2.Task20.csproj", "{85AC65F7-0A23-49D4-9712-60CBC9DEAB87}"
EndProject
Project("{FAE04EC0-301F-11D3-BF4B-00C04F79EFBC}") = "Practice2.Task21", "Practice2.Task21\Practice2.Task21.csproj", "{DE59F478-0212-413D-9A27-9585AB6AF98A}"
EndProject
Project("{FAE04EC0-301F-11D3-BF4B-00C04F79EFBC}") = "Practice2.Task22", "Practice2.Task22\Practice2.Task22.csproj", "{6CB5328E-980C-4675-A680-54DB865DB3FA}"
EndProject
Project("{FAE04EC0-301F-11D3-BF4B-00C04F79EFBC}") = "Practice2.Task23", "Practice2.Task23\Practice2.Task23.csproj", "{184E69CD-3E3F-4350-90A0-7C7660AE3EB5}"
EndProject
Project("{FAE04EC0-301F-11D3-BF4B-00C04F79EFBC}") = "Practice2.Task24", "Practice2.Task24\Practice2.Task24.csproj", "{51824AD9-BD85-401E-AEFD-6E2445C016CB}"
EndProject
Project("{FAE04EC0-301F-11D3-BF4B-00C04F79EFBC}") = "Practice2.Task25", "Practice2.Task25\Practice2.Task25.csproj", "{B9C01F71-9DFB-49BD-83F1-12094399D537}"
EndProject
Project("{2150E333-8FDC-42A3-9474-1A3956D46DE8}") = "Practice3", "Practice3", "{A4C5B081-7E37-428C-A7D7-253CCA598D48}"
EndProject
Project("{FAE04EC0-301F-11D3-BF4B-00C04F79EFBC}") = "Practice3.Task1", "Practice3.Task1\Practice3.Task1.csproj", "{CA27A2BE-4410-4760-B0DE-D47DA5B66E58}"
EndProject
Project("{FAE04EC0-301F-11D3-BF4B-00C04F79EFBC}") = "Practice3.Task2", "Practice3.Task2\Practice3.Task2.csproj", "{57DD28B7-413A-4415-8CC2-22E7047A90DC}"
EndProject
Project("{FAE04EC0-301F-11D3-BF4B-00C04F79EFBC}") = "Practice3.Task3", "Practice3.Task3\Practice3.Task3.csproj", "{E3FF0D40-C50B-4C4A-9495-5196BAB7D20B}"
EndProject
Project("{FAE04EC0-301F-11D3-BF4B-00C04F79EFBC}") = "Practice3.Task4", "Practice3.task4\Practice3.Task4.csproj", "{F8EAA340-9CC6-4927-8BD1-53AD725ADF8D}"
EndProject
Project("{FAE04EC0-301F-11D3-BF4B-00C04F79EFBC}") = "Practice3.Task5", "Practice3.Task5\Practice3.Task5.csproj", "{70DAEDD7-9861-4F04-BE27-057647D33F3D}"
EndProject
Project("{FAE04EC0-301F-11D3-BF4B-00C04F79EFBC}") = "Practice3.Task6", "Practice3.Task6\Practice3.Task6.csproj", "{A0B8243F-7E4A-4E97-832C-4CFB1090515A}"
EndProject
Project("{FAE04EC0-301F-11D3-BF4B-00C04F79EFBC}") = "Practice3.Task7", "Practice3.Task7\Practice3.Task7.csproj", "{F1D5BAFC-A972-476C-84A4-F7E63C94B651}"
EndProject
Project("{FAE04EC0-301F-11D3-BF4B-00C04F79EFBC}") = "Practice3.Task8", "Practice3.Task8\Practice3.Task8.csproj", "{4093715F-3483-4E4B-8FEA-4AA81F3A4446}"
EndProject
Project("{FAE04EC0-301F-11D3-BF4B-00C04F79EFBC}") = "Practice3.Task9", "Practice3.Task9\Practice3.Task9.csproj", "{D030D0BF-E15A-4253-9E10-3EB71B970956}"
EndProject
Global
	GlobalSection(SolutionConfigurationPlatforms) = preSolution
		Debug|Any CPU = Debug|Any CPU
		Release|Any CPU = Release|Any CPU
	EndGlobalSection
	GlobalSection(ProjectConfigurationPlatforms) = postSolution
		{877C12A8-977D-4ED4-A83C-687799F7F479}.Debug|Any CPU.ActiveCfg = Debug|Any CPU
		{877C12A8-977D-4ED4-A83C-687799F7F479}.Debug|Any CPU.Build.0 = Debug|Any CPU
		{877C12A8-977D-4ED4-A83C-687799F7F479}.Release|Any CPU.ActiveCfg = Release|Any CPU
		{877C12A8-977D-4ED4-A83C-687799F7F479}.Release|Any CPU.Build.0 = Release|Any CPU
		{D7F69F73-5DBB-4085-AD9D-AD456D4EA456}.Debug|Any CPU.ActiveCfg = Debug|Any CPU
		{D7F69F73-5DBB-4085-AD9D-AD456D4EA456}.Debug|Any CPU.Build.0 = Debug|Any CPU
		{D7F69F73-5DBB-4085-AD9D-AD456D4EA456}.Release|Any CPU.ActiveCfg = Release|Any CPU
		{D7F69F73-5DBB-4085-AD9D-AD456D4EA456}.Release|Any CPU.Build.0 = Release|Any CPU
		{53B5BB0C-5BA7-4A26-90DA-85883EC28206}.Debug|Any CPU.ActiveCfg = Debug|Any CPU
		{53B5BB0C-5BA7-4A26-90DA-85883EC28206}.Debug|Any CPU.Build.0 = Debug|Any CPU
		{53B5BB0C-5BA7-4A26-90DA-85883EC28206}.Release|Any CPU.ActiveCfg = Release|Any CPU
		{53B5BB0C-5BA7-4A26-90DA-85883EC28206}.Release|Any CPU.Build.0 = Release|Any CPU
		{3D0D7D1E-E0D1-45DF-9B88-CC973B3AB712}.Debug|Any CPU.ActiveCfg = Debug|Any CPU
		{3D0D7D1E-E0D1-45DF-9B88-CC973B3AB712}.Debug|Any CPU.Build.0 = Debug|Any CPU
		{3D0D7D1E-E0D1-45DF-9B88-CC973B3AB712}.Release|Any CPU.ActiveCfg = Release|Any CPU
		{3D0D7D1E-E0D1-45DF-9B88-CC973B3AB712}.Release|Any CPU.Build.0 = Release|Any CPU
		{59C7FA58-364E-4B0C-A6BA-3A7696812091}.Debug|Any CPU.ActiveCfg = Debug|Any CPU
		{59C7FA58-364E-4B0C-A6BA-3A7696812091}.Debug|Any CPU.Build.0 = Debug|Any CPU
		{59C7FA58-364E-4B0C-A6BA-3A7696812091}.Release|Any CPU.ActiveCfg = Release|Any CPU
		{59C7FA58-364E-4B0C-A6BA-3A7696812091}.Release|Any CPU.Build.0 = Release|Any CPU
		{C286F726-069C-4B8D-A908-4BEE1B74E60A}.Debug|Any CPU.ActiveCfg = Debug|Any CPU
		{C286F726-069C-4B8D-A908-4BEE1B74E60A}.Debug|Any CPU.Build.0 = Debug|Any CPU
		{C286F726-069C-4B8D-A908-4BEE1B74E60A}.Release|Any CPU.ActiveCfg = Release|Any CPU
		{C286F726-069C-4B8D-A908-4BEE1B74E60A}.Release|Any CPU.Build.0 = Release|Any CPU
		{D2E7B077-E011-4A02-9368-8B4BAB76A9DB}.Debug|Any CPU.ActiveCfg = Debug|Any CPU
		{D2E7B077-E011-4A02-9368-8B4BAB76A9DB}.Debug|Any CPU.Build.0 = Debug|Any CPU
		{D2E7B077-E011-4A02-9368-8B4BAB76A9DB}.Release|Any CPU.ActiveCfg = Release|Any CPU
		{D2E7B077-E011-4A02-9368-8B4BAB76A9DB}.Release|Any CPU.Build.0 = Release|Any CPU
		{23272E7C-0CF3-4D27-85EF-7D394805BCCE}.Debug|Any CPU.ActiveCfg = Debug|Any CPU
		{23272E7C-0CF3-4D27-85EF-7D394805BCCE}.Debug|Any CPU.Build.0 = Debug|Any CPU
		{23272E7C-0CF3-4D27-85EF-7D394805BCCE}.Release|Any CPU.ActiveCfg = Release|Any CPU
		{23272E7C-0CF3-4D27-85EF-7D394805BCCE}.Release|Any CPU.Build.0 = Release|Any CPU
		{6EF9E193-47BD-4B5B-9785-C2EDA199D6F6}.Debug|Any CPU.ActiveCfg = Debug|Any CPU
		{6EF9E193-47BD-4B5B-9785-C2EDA199D6F6}.Debug|Any CPU.Build.0 = Debug|Any CPU
		{6EF9E193-47BD-4B5B-9785-C2EDA199D6F6}.Release|Any CPU.ActiveCfg = Release|Any CPU
		{6EF9E193-47BD-4B5B-9785-C2EDA199D6F6}.Release|Any CPU.Build.0 = Release|Any CPU
		{B189A224-88B4-47CA-9505-53CCB7449328}.Debug|Any CPU.ActiveCfg = Debug|Any CPU
		{B189A224-88B4-47CA-9505-53CCB7449328}.Debug|Any CPU.Build.0 = Debug|Any CPU
		{B189A224-88B4-47CA-9505-53CCB7449328}.Release|Any CPU.ActiveCfg = Release|Any CPU
		{B189A224-88B4-47CA-9505-53CCB7449328}.Release|Any CPU.Build.0 = Release|Any CPU
		{B5B3E99E-0414-4751-BDF1-7FB0BF42E7EF}.Debug|Any CPU.ActiveCfg = Debug|Any CPU
		{B5B3E99E-0414-4751-BDF1-7FB0BF42E7EF}.Debug|Any CPU.Build.0 = Debug|Any CPU
		{B5B3E99E-0414-4751-BDF1-7FB0BF42E7EF}.Release|Any CPU.ActiveCfg = Release|Any CPU
		{B5B3E99E-0414-4751-BDF1-7FB0BF42E7EF}.Release|Any CPU.Build.0 = Release|Any CPU
		{8E8763F0-70F5-41D3-835D-433D73C7FD91}.Debug|Any CPU.ActiveCfg = Debug|Any CPU
		{8E8763F0-70F5-41D3-835D-433D73C7FD91}.Debug|Any CPU.Build.0 = Debug|Any CPU
		{8E8763F0-70F5-41D3-835D-433D73C7FD91}.Release|Any CPU.ActiveCfg = Release|Any CPU
		{8E8763F0-70F5-41D3-835D-433D73C7FD91}.Release|Any CPU.Build.0 = Release|Any CPU
		{62F9F7C1-B52D-4FCB-B160-ACD8C8666746}.Debug|Any CPU.ActiveCfg = Debug|Any CPU
		{62F9F7C1-B52D-4FCB-B160-ACD8C8666746}.Debug|Any CPU.Build.0 = Debug|Any CPU
		{62F9F7C1-B52D-4FCB-B160-ACD8C8666746}.Release|Any CPU.ActiveCfg = Release|Any CPU
		{62F9F7C1-B52D-4FCB-B160-ACD8C8666746}.Release|Any CPU.Build.0 = Release|Any CPU
		{62E57F0C-D80C-49B2-98E2-7F83815739C2}.Debug|Any CPU.ActiveCfg = Debug|Any CPU
		{62E57F0C-D80C-49B2-98E2-7F83815739C2}.Debug|Any CPU.Build.0 = Debug|Any CPU
		{62E57F0C-D80C-49B2-98E2-7F83815739C2}.Release|Any CPU.ActiveCfg = Release|Any CPU
		{62E57F0C-D80C-49B2-98E2-7F83815739C2}.Release|Any CPU.Build.0 = Release|Any CPU
		{581448B7-68B2-4AF5-BF11-5D9F5AEFC4EE}.Debug|Any CPU.ActiveCfg = Debug|Any CPU
		{581448B7-68B2-4AF5-BF11-5D9F5AEFC4EE}.Debug|Any CPU.Build.0 = Debug|Any CPU
		{581448B7-68B2-4AF5-BF11-5D9F5AEFC4EE}.Release|Any CPU.ActiveCfg = Release|Any CPU
		{581448B7-68B2-4AF5-BF11-5D9F5AEFC4EE}.Release|Any CPU.Build.0 = Release|Any CPU
		{1FD83D3C-F57F-4E50-AB84-137C0DE58442}.Debug|Any CPU.ActiveCfg = Debug|Any CPU
		{1FD83D3C-F57F-4E50-AB84-137C0DE58442}.Debug|Any CPU.Build.0 = Debug|Any CPU
		{1FD83D3C-F57F-4E50-AB84-137C0DE58442}.Release|Any CPU.ActiveCfg = Release|Any CPU
		{1FD83D3C-F57F-4E50-AB84-137C0DE58442}.Release|Any CPU.Build.0 = Release|Any CPU
		{2E728A72-5FFD-407E-9275-BAE9F233BDD7}.Debug|Any CPU.ActiveCfg = Debug|Any CPU
		{2E728A72-5FFD-407E-9275-BAE9F233BDD7}.Debug|Any CPU.Build.0 = Debug|Any CPU
		{2E728A72-5FFD-407E-9275-BAE9F233BDD7}.Release|Any CPU.ActiveCfg = Release|Any CPU
		{2E728A72-5FFD-407E-9275-BAE9F233BDD7}.Release|Any CPU.Build.0 = Release|Any CPU
		{F46E858F-EBBE-4F4B-B1CA-368C96031AAA}.Debug|Any CPU.ActiveCfg = Debug|Any CPU
		{F46E858F-EBBE-4F4B-B1CA-368C96031AAA}.Debug|Any CPU.Build.0 = Debug|Any CPU
		{F46E858F-EBBE-4F4B-B1CA-368C96031AAA}.Release|Any CPU.ActiveCfg = Release|Any CPU
		{F46E858F-EBBE-4F4B-B1CA-368C96031AAA}.Release|Any CPU.Build.0 = Release|Any CPU
		{3F965F06-73D6-4A7C-9F93-6509E34A9080}.Debug|Any CPU.ActiveCfg = Debug|Any CPU
		{3F965F06-73D6-4A7C-9F93-6509E34A9080}.Debug|Any CPU.Build.0 = Debug|Any CPU
		{3F965F06-73D6-4A7C-9F93-6509E34A9080}.Release|Any CPU.ActiveCfg = Release|Any CPU
		{3F965F06-73D6-4A7C-9F93-6509E34A9080}.Release|Any CPU.Build.0 = Release|Any CPU
		{9BF14C10-DDA8-48B0-A645-3EA84D8FC6BC}.Debug|Any CPU.ActiveCfg = Debug|Any CPU
		{9BF14C10-DDA8-48B0-A645-3EA84D8FC6BC}.Debug|Any CPU.Build.0 = Debug|Any CPU
		{9BF14C10-DDA8-48B0-A645-3EA84D8FC6BC}.Release|Any CPU.ActiveCfg = Release|Any CPU
		{9BF14C10-DDA8-48B0-A645-3EA84D8FC6BC}.Release|Any CPU.Build.0 = Release|Any CPU
		{16AB738B-2E7B-4050-9647-0DC3D66EC979}.Debug|Any CPU.ActiveCfg = Debug|Any CPU
		{16AB738B-2E7B-4050-9647-0DC3D66EC979}.Debug|Any CPU.Build.0 = Debug|Any CPU
		{16AB738B-2E7B-4050-9647-0DC3D66EC979}.Release|Any CPU.ActiveCfg = Release|Any CPU
		{16AB738B-2E7B-4050-9647-0DC3D66EC979}.Release|Any CPU.Build.0 = Release|Any CPU
		{F5A0AEDF-FC7E-403D-BB7A-1A5E1AADDD55}.Debug|Any CPU.ActiveCfg = Debug|Any CPU
		{F5A0AEDF-FC7E-403D-BB7A-1A5E1AADDD55}.Debug|Any CPU.Build.0 = Debug|Any CPU
		{F5A0AEDF-FC7E-403D-BB7A-1A5E1AADDD55}.Release|Any CPU.ActiveCfg = Release|Any CPU
		{F5A0AEDF-FC7E-403D-BB7A-1A5E1AADDD55}.Release|Any CPU.Build.0 = Release|Any CPU
		{2B70E223-2C5B-49E7-A731-813C89E8F805}.Debug|Any CPU.ActiveCfg = Debug|Any CPU
		{2B70E223-2C5B-49E7-A731-813C89E8F805}.Debug|Any CPU.Build.0 = Debug|Any CPU
		{2B70E223-2C5B-49E7-A731-813C89E8F805}.Release|Any CPU.ActiveCfg = Release|Any CPU
		{2B70E223-2C5B-49E7-A731-813C89E8F805}.Release|Any CPU.Build.0 = Release|Any CPU
		{C023E21B-A3CD-4577-883D-5B621C151556}.Debug|Any CPU.ActiveCfg = Debug|Any CPU
		{C023E21B-A3CD-4577-883D-5B621C151556}.Debug|Any CPU.Build.0 = Debug|Any CPU
		{C023E21B-A3CD-4577-883D-5B621C151556}.Release|Any CPU.ActiveCfg = Release|Any CPU
		{C023E21B-A3CD-4577-883D-5B621C151556}.Release|Any CPU.Build.0 = Release|Any CPU
		{85AC65F7-0A23-49D4-9712-60CBC9DEAB87}.Debug|Any CPU.ActiveCfg = Debug|Any CPU
		{85AC65F7-0A23-49D4-9712-60CBC9DEAB87}.Debug|Any CPU.Build.0 = Debug|Any CPU
		{85AC65F7-0A23-49D4-9712-60CBC9DEAB87}.Release|Any CPU.ActiveCfg = Release|Any CPU
		{85AC65F7-0A23-49D4-9712-60CBC9DEAB87}.Release|Any CPU.Build.0 = Release|Any CPU
		{DE59F478-0212-413D-9A27-9585AB6AF98A}.Debug|Any CPU.ActiveCfg = Debug|Any CPU
		{DE59F478-0212-413D-9A27-9585AB6AF98A}.Debug|Any CPU.Build.0 = Debug|Any CPU
		{DE59F478-0212-413D-9A27-9585AB6AF98A}.Release|Any CPU.ActiveCfg = Release|Any CPU
		{DE59F478-0212-413D-9A27-9585AB6AF98A}.Release|Any CPU.Build.0 = Release|Any CPU
		{6CB5328E-980C-4675-A680-54DB865DB3FA}.Debug|Any CPU.ActiveCfg = Debug|Any CPU
		{6CB5328E-980C-4675-A680-54DB865DB3FA}.Debug|Any CPU.Build.0 = Debug|Any CPU
		{6CB5328E-980C-4675-A680-54DB865DB3FA}.Release|Any CPU.ActiveCfg = Release|Any CPU
		{6CB5328E-980C-4675-A680-54DB865DB3FA}.Release|Any CPU.Build.0 = Release|Any CPU
		{184E69CD-3E3F-4350-90A0-7C7660AE3EB5}.Debug|Any CPU.ActiveCfg = Debug|Any CPU
		{184E69CD-3E3F-4350-90A0-7C7660AE3EB5}.Debug|Any CPU.Build.0 = Debug|Any CPU
		{184E69CD-3E3F-4350-90A0-7C7660AE3EB5}.Release|Any CPU.ActiveCfg = Release|Any CPU
		{184E69CD-3E3F-4350-90A0-7C7660AE3EB5}.Release|Any CPU.Build.0 = Release|Any CPU
		{51824AD9-BD85-401E-AEFD-6E2445C016CB}.Debug|Any CPU.ActiveCfg = Debug|Any CPU
		{51824AD9-BD85-401E-AEFD-6E2445C016CB}.Debug|Any CPU.Build.0 = Debug|Any CPU
		{51824AD9-BD85-401E-AEFD-6E2445C016CB}.Release|Any CPU.ActiveCfg = Release|Any CPU
		{51824AD9-BD85-401E-AEFD-6E2445C016CB}.Release|Any CPU.Build.0 = Release|Any CPU
		{B9C01F71-9DFB-49BD-83F1-12094399D537}.Debug|Any CPU.ActiveCfg = Debug|Any CPU
		{B9C01F71-9DFB-49BD-83F1-12094399D537}.Debug|Any CPU.Build.0 = Debug|Any CPU
		{B9C01F71-9DFB-49BD-83F1-12094399D537}.Release|Any CPU.ActiveCfg = Release|Any CPU
		{B9C01F71-9DFB-49BD-83F1-12094399D537}.Release|Any CPU.Build.0 = Release|Any CPU
		{CA27A2BE-4410-4760-B0DE-D47DA5B66E58}.Debug|Any CPU.ActiveCfg = Debug|Any CPU
		{CA27A2BE-4410-4760-B0DE-D47DA5B66E58}.Debug|Any CPU.Build.0 = Debug|Any CPU
		{CA27A2BE-4410-4760-B0DE-D47DA5B66E58}.Release|Any CPU.ActiveCfg = Release|Any CPU
		{CA27A2BE-4410-4760-B0DE-D47DA5B66E58}.Release|Any CPU.Build.0 = Release|Any CPU
		{57DD28B7-413A-4415-8CC2-22E7047A90DC}.Debug|Any CPU.ActiveCfg = Debug|Any CPU
		{57DD28B7-413A-4415-8CC2-22E7047A90DC}.Debug|Any CPU.Build.0 = Debug|Any CPU
		{57DD28B7-413A-4415-8CC2-22E7047A90DC}.Release|Any CPU.ActiveCfg = Release|Any CPU
		{57DD28B7-413A-4415-8CC2-22E7047A90DC}.Release|Any CPU.Build.0 = Release|Any CPU
		{E3FF0D40-C50B-4C4A-9495-5196BAB7D20B}.Debug|Any CPU.ActiveCfg = Debug|Any CPU
		{E3FF0D40-C50B-4C4A-9495-5196BAB7D20B}.Debug|Any CPU.Build.0 = Debug|Any CPU
		{E3FF0D40-C50B-4C4A-9495-5196BAB7D20B}.Release|Any CPU.ActiveCfg = Release|Any CPU
		{E3FF0D40-C50B-4C4A-9495-5196BAB7D20B}.Release|Any CPU.Build.0 = Release|Any CPU
		{F8EAA340-9CC6-4927-8BD1-53AD725ADF8D}.Debug|Any CPU.ActiveCfg = Debug|Any CPU
		{F8EAA340-9CC6-4927-8BD1-53AD725ADF8D}.Debug|Any CPU.Build.0 = Debug|Any CPU
		{F8EAA340-9CC6-4927-8BD1-53AD725ADF8D}.Release|Any CPU.ActiveCfg = Release|Any CPU
		{F8EAA340-9CC6-4927-8BD1-53AD725ADF8D}.Release|Any CPU.Build.0 = Release|Any CPU
		{70DAEDD7-9861-4F04-BE27-057647D33F3D}.Debug|Any CPU.ActiveCfg = Debug|Any CPU
		{70DAEDD7-9861-4F04-BE27-057647D33F3D}.Debug|Any CPU.Build.0 = Debug|Any CPU
		{70DAEDD7-9861-4F04-BE27-057647D33F3D}.Release|Any CPU.ActiveCfg = Release|Any CPU
		{70DAEDD7-9861-4F04-BE27-057647D33F3D}.Release|Any CPU.Build.0 = Release|Any CPU
		{A0B8243F-7E4A-4E97-832C-4CFB1090515A}.Debug|Any CPU.ActiveCfg = Debug|Any CPU
		{A0B8243F-7E4A-4E97-832C-4CFB1090515A}.Debug|Any CPU.Build.0 = Debug|Any CPU
		{A0B8243F-7E4A-4E97-832C-4CFB1090515A}.Release|Any CPU.ActiveCfg = Release|Any CPU
		{A0B8243F-7E4A-4E97-832C-4CFB1090515A}.Release|Any CPU.Build.0 = Release|Any CPU
		{F1D5BAFC-A972-476C-84A4-F7E63C94B651}.Debug|Any CPU.ActiveCfg = Debug|Any CPU
		{F1D5BAFC-A972-476C-84A4-F7E63C94B651}.Debug|Any CPU.Build.0 = Debug|Any CPU
		{F1D5BAFC-A972-476C-84A4-F7E63C94B651}.Release|Any CPU.ActiveCfg = Release|Any CPU
		{F1D5BAFC-A972-476C-84A4-F7E63C94B651}.Release|Any CPU.Build.0 = Release|Any CPU
		{4093715F-3483-4E4B-8FEA-4AA81F3A4446}.Debug|Any CPU.ActiveCfg = Debug|Any CPU
		{4093715F-3483-4E4B-8FEA-4AA81F3A4446}.Debug|Any CPU.Build.0 = Debug|Any CPU
		{4093715F-3483-4E4B-8FEA-4AA81F3A4446}.Release|Any CPU.ActiveCfg = Release|Any CPU
		{4093715F-3483-4E4B-8FEA-4AA81F3A4446}.Release|Any CPU.Build.0 = Release|Any CPU
		{D030D0BF-E15A-4253-9E10-3EB71B970956}.Debug|Any CPU.ActiveCfg = Debug|Any CPU
		{D030D0BF-E15A-4253-9E10-3EB71B970956}.Debug|Any CPU.Build.0 = Debug|Any CPU
		{D030D0BF-E15A-4253-9E10-3EB71B970956}.Release|Any CPU.ActiveCfg = Release|Any CPU
		{D030D0BF-E15A-4253-9E10-3EB71B970956}.Release|Any CPU.Build.0 = Release|Any CPU
	EndGlobalSection
	GlobalSection(SolutionProperties) = preSolution
		HideSolutionNode = FALSE
	EndGlobalSection
	GlobalSection(NestedProjects) = preSolution
		{3A9AEC5C-2FDE-4243-ADD7-8313D47E57FA} = {24C80BDC-B284-4E24-8D14-1B4A55113527}
		{877C12A8-977D-4ED4-A83C-687799F7F479} = {3A9AEC5C-2FDE-4243-ADD7-8313D47E57FA}
		{D7F69F73-5DBB-4085-AD9D-AD456D4EA456} = {3A9AEC5C-2FDE-4243-ADD7-8313D47E57FA}
		{53B5BB0C-5BA7-4A26-90DA-85883EC28206} = {3A9AEC5C-2FDE-4243-ADD7-8313D47E57FA}
		{3D0D7D1E-E0D1-45DF-9B88-CC973B3AB712} = {3A9AEC5C-2FDE-4243-ADD7-8313D47E57FA}
		{4CD14931-FFA0-4673-B1F4-6CB749BDD884} = {24C80BDC-B284-4E24-8D14-1B4A55113527}
		{59C7FA58-364E-4B0C-A6BA-3A7696812091} = {4CD14931-FFA0-4673-B1F4-6CB749BDD884}
		{C286F726-069C-4B8D-A908-4BEE1B74E60A} = {3641C817-549D-46F2-A0E6-4572CA56F4F5}
		{D2E7B077-E011-4A02-9368-8B4BAB76A9DB} = {3641C817-549D-46F2-A0E6-4572CA56F4F5}
		{23272E7C-0CF3-4D27-85EF-7D394805BCCE} = {3641C817-549D-46F2-A0E6-4572CA56F4F5}
		{6EF9E193-47BD-4B5B-9785-C2EDA199D6F6} = {3641C817-549D-46F2-A0E6-4572CA56F4F5}
		{B189A224-88B4-47CA-9505-53CCB7449328} = {3641C817-549D-46F2-A0E6-4572CA56F4F5}
		{B5B3E99E-0414-4751-BDF1-7FB0BF42E7EF} = {3641C817-549D-46F2-A0E6-4572CA56F4F5}
		{8E8763F0-70F5-41D3-835D-433D73C7FD91} = {3641C817-549D-46F2-A0E6-4572CA56F4F5}
		{62F9F7C1-B52D-4FCB-B160-ACD8C8666746} = {3641C817-549D-46F2-A0E6-4572CA56F4F5}
		{62E57F0C-D80C-49B2-98E2-7F83815739C2} = {3641C817-549D-46F2-A0E6-4572CA56F4F5}
		{581448B7-68B2-4AF5-BF11-5D9F5AEFC4EE} = {3641C817-549D-46F2-A0E6-4572CA56F4F5}
		{1FD83D3C-F57F-4E50-AB84-137C0DE58442} = {3641C817-549D-46F2-A0E6-4572CA56F4F5}
		{2E728A72-5FFD-407E-9275-BAE9F233BDD7} = {3641C817-549D-46F2-A0E6-4572CA56F4F5}
		{F46E858F-EBBE-4F4B-B1CA-368C96031AAA} = {3641C817-549D-46F2-A0E6-4572CA56F4F5}
		{3F965F06-73D6-4A7C-9F93-6509E34A9080} = {3641C817-549D-46F2-A0E6-4572CA56F4F5}
		{9BF14C10-DDA8-48B0-A645-3EA84D8FC6BC} = {3641C817-549D-46F2-A0E6-4572CA56F4F5}
		{16AB738B-2E7B-4050-9647-0DC3D66EC979} = {3641C817-549D-46F2-A0E6-4572CA56F4F5}
		{F5A0AEDF-FC7E-403D-BB7A-1A5E1AADDD55} = {3641C817-549D-46F2-A0E6-4572CA56F4F5}
		{2B70E223-2C5B-49E7-A731-813C89E8F805} = {3641C817-549D-46F2-A0E6-4572CA56F4F5}
		{C023E21B-A3CD-4577-883D-5B621C151556} = {3641C817-549D-46F2-A0E6-4572CA56F4F5}
		{85AC65F7-0A23-49D4-9712-60CBC9DEAB87} = {3641C817-549D-46F2-A0E6-4572CA56F4F5}
		{DE59F478-0212-413D-9A27-9585AB6AF98A} = {3641C817-549D-46F2-A0E6-4572CA56F4F5}
		{6CB5328E-980C-4675-A680-54DB865DB3FA} = {3641C817-549D-46F2-A0E6-4572CA56F4F5}
		{184E69CD-3E3F-4350-90A0-7C7660AE3EB5} = {3641C817-549D-46F2-A0E6-4572CA56F4F5}
		{51824AD9-BD85-401E-AEFD-6E2445C016CB} = {3641C817-549D-46F2-A0E6-4572CA56F4F5}
		{B9C01F71-9DFB-49BD-83F1-12094399D537} = {3641C817-549D-46F2-A0E6-4572CA56F4F5}
		{CA27A2BE-4410-4760-B0DE-D47DA5B66E58} = {A4C5B081-7E37-428C-A7D7-253CCA598D48}
		{57DD28B7-413A-4415-8CC2-22E7047A90DC} = {A4C5B081-7E37-428C-A7D7-253CCA598D48}
		{E3FF0D40-C50B-4C4A-9495-5196BAB7D20B} = {A4C5B081-7E37-428C-A7D7-253CCA598D48}
		{F8EAA340-9CC6-4927-8BD1-53AD725ADF8D} = {A4C5B081-7E37-428C-A7D7-253CCA598D48}
		{70DAEDD7-9861-4F04-BE27-057647D33F3D} = {A4C5B081-7E37-428C-A7D7-253CCA598D48}
		{A0B8243F-7E4A-4E97-832C-4CFB1090515A} = {A4C5B081-7E37-428C-A7D7-253CCA598D48}
		{F1D5BAFC-A972-476C-84A4-F7E63C94B651} = {A4C5B081-7E37-428C-A7D7-253CCA598D48}
		{4093715F-3483-4E4B-8FEA-4AA81F3A4446} = {A4C5B081-7E37-428C-A7D7-253CCA598D48}
		{D030D0BF-E15A-4253-9E10-3EB71B970956} = {A4C5B081-7E37-428C-A7D7-253CCA598D48}
	EndGlobalSection
EndGlobal
