
Microsoft Visual Studio Solution File, Format Version 12.00
# Visual Studio Version 17
VisualStudioVersion = 17.11.35219.272
MinimumVisualStudioVersion = 10.0.40219.1
Project("{FAE04EC0-301F-11D3-BF4B-00C04F79EFBC}") = "Task1A", "Task.CSharpBase\Task1A.csproj", "{C516E856-2784-4631-9C57-2EFC1DB3DF7E}"
EndProject
Project("{2150E333-8FDC-42A3-9474-1A3956D46DE8}") = "Task1.CSharpBase", "Task1.CSharpBase", "{BDC43C0A-625E-404A-B68A-602724A91608}"
EndProject
Project("{FAE04EC0-301F-11D3-BF4B-00C04F79EFBC}") = "Task1B", "Task1B\Task1B.csproj", "{34595209-F754-44A1-B8CE-09DBC553E207}"
EndProject
Project("{2150E333-8FDC-42A3-9474-1A3956D46DE8}") = "Rus", "Rus", "{CA74D2FB-483C-455D-8378-3C1AE593A6F2}"
EndProject
Project("{FAE04EC0-301F-11D3-BF4B-00C04F79EFBC}") = "Task2", "Task2\Task2.csproj", "{E3D547EC-50C6-4D06-8305-35005A33ABB4}"
EndProject
Project("{FAE04EC0-301F-11D3-BF4B-00C04F79EFBC}") = "Task3", "Task3\Task3.csproj", "{DCAAD7DC-923D-46F0-812D-3191A3934A22}"
EndProject
Project("{FAE04EC0-301F-11D3-BF4B-00C04F79EFBC}") = "Task4", "Task4\Task4.csproj", "{3D258F8D-F9EF-49B8-8E5D-4590F3D198D8}"
EndProject
Global
	GlobalSection(SolutionConfigurationPlatforms) = preSolution
		CheckIn|Any CPU = CheckIn|Any CPU
		Debug|Any CPU = Debug|Any CPU
		Release|Any CPU = Release|Any CPU
	EndGlobalSection
	GlobalSection(ProjectConfigurationPlatforms) = postSolution
		{C516E856-2784-4631-9C57-2EFC1DB3DF7E}.CheckIn|Any CPU.ActiveCfg = CheckIn|Any CPU
		{C516E856-2784-4631-9C57-2EFC1DB3DF7E}.CheckIn|Any CPU.Build.0 = CheckIn|Any CPU
		{C516E856-2784-4631-9C57-2EFC1DB3DF7E}.Debug|Any CPU.ActiveCfg = Debug|Any CPU
		{C516E856-2784-4631-9C57-2EFC1DB3DF7E}.Debug|Any CPU.Build.0 = Debug|Any CPU
		{C516E856-2784-4631-9C57-2EFC1DB3DF7E}.Release|Any CPU.ActiveCfg = Release|Any CPU
		{C516E856-2784-4631-9C57-2EFC1DB3DF7E}.Release|Any CPU.Build.0 = Release|Any CPU
		{34595209-F754-44A1-B8CE-09DBC553E207}.CheckIn|Any CPU.ActiveCfg = CheckIn|Any CPU
		{34595209-F754-44A1-B8CE-09DBC553E207}.CheckIn|Any CPU.Build.0 = CheckIn|Any CPU
		{34595209-F754-44A1-B8CE-09DBC553E207}.Debug|Any CPU.ActiveCfg = Debug|Any CPU
		{34595209-F754-44A1-B8CE-09DBC553E207}.Debug|Any CPU.Build.0 = Debug|Any CPU
		{34595209-F754-44A1-B8CE-09DBC553E207}.Release|Any CPU.ActiveCfg = Release|Any CPU
		{34595209-F754-44A1-B8CE-09DBC553E207}.Release|Any CPU.Build.0 = Release|Any CPU
		{E3D547EC-50C6-4D06-8305-35005A33ABB4}.CheckIn|Any CPU.ActiveCfg = Debug|Any CPU
		{E3D547EC-50C6-4D06-8305-35005A33ABB4}.CheckIn|Any CPU.Build.0 = Debug|Any CPU
		{E3D547EC-50C6-4D06-8305-35005A33ABB4}.Debug|Any CPU.ActiveCfg = Debug|Any CPU
		{E3D547EC-50C6-4D06-8305-35005A33ABB4}.Debug|Any CPU.Build.0 = Debug|Any CPU
		{E3D547EC-50C6-4D06-8305-35005A33ABB4}.Release|Any CPU.ActiveCfg = Release|Any CPU
		{E3D547EC-50C6-4D06-8305-35005A33ABB4}.Release|Any CPU.Build.0 = Release|Any CPU
		{DCAAD7DC-923D-46F0-812D-3191A3934A22}.CheckIn|Any CPU.ActiveCfg = Debug|Any CPU
		{DCAAD7DC-923D-46F0-812D-3191A3934A22}.CheckIn|Any CPU.Build.0 = Debug|Any CPU
		{DCAAD7DC-923D-46F0-812D-3191A3934A22}.Debug|Any CPU.ActiveCfg = Debug|Any CPU
		{DCAAD7DC-923D-46F0-812D-3191A3934A22}.Debug|Any CPU.Build.0 = Debug|Any CPU
		{DCAAD7DC-923D-46F0-812D-3191A3934A22}.Release|Any CPU.ActiveCfg = Release|Any CPU
		{DCAAD7DC-923D-46F0-812D-3191A3934A22}.Release|Any CPU.Build.0 = Release|Any CPU
		{3D258F8D-F9EF-49B8-8E5D-4590F3D198D8}.CheckIn|Any CPU.ActiveCfg = Debug|Any CPU
		{3D258F8D-F9EF-49B8-8E5D-4590F3D198D8}.CheckIn|Any CPU.Build.0 = Debug|Any CPU
		{3D258F8D-F9EF-49B8-8E5D-4590F3D198D8}.Debug|Any CPU.ActiveCfg = Debug|Any CPU
		{3D258F8D-F9EF-49B8-8E5D-4590F3D198D8}.Debug|Any CPU.Build.0 = Debug|Any CPU
		{3D258F8D-F9EF-49B8-8E5D-4590F3D198D8}.Release|Any CPU.ActiveCfg = Release|Any CPU
		{3D258F8D-F9EF-49B8-8E5D-4590F3D198D8}.Release|Any CPU.Build.0 = Release|Any CPU
	EndGlobalSection
	GlobalSection(SolutionProperties) = preSolution
		HideSolutionNode = FALSE
	EndGlobalSection
	GlobalSection(NestedProjects) = preSolution
		{C516E856-2784-4631-9C57-2EFC1DB3DF7E} = {CA74D2FB-483C-455D-8378-3C1AE593A6F2}
		{34595209-F754-44A1-B8CE-09DBC553E207} = {BDC43C0A-625E-404A-B68A-602724A91608}
		{E3D547EC-50C6-4D06-8305-35005A33ABB4} = {CA74D2FB-483C-455D-8378-3C1AE593A6F2}
		{DCAAD7DC-923D-46F0-812D-3191A3934A22} = {CA74D2FB-483C-455D-8378-3C1AE593A6F2}
		{3D258F8D-F9EF-49B8-8E5D-4590F3D198D8} = {CA74D2FB-483C-455D-8378-3C1AE593A6F2}
	EndGlobalSection
	GlobalSection(ExtensibilityGlobals) = postSolution
		SolutionGuid = {548A1B7D-B5E9-48BE-891D-884FF970A2C3}
	EndGlobalSection
EndGlobal
